// !$*UTF8*$!
{
	archiveVersion = 1;
	classes = {
	};
	objectVersion = 46;
	objects = {

/* Begin PBXBuildFile section */
		68D78B5C1EA290D800E18AAA /* AppDelegate.swift in Sources */ = {isa = PBXBuildFile; fileRef = 68D78B5B1EA290D800E18AAA /* AppDelegate.swift */; };
		68D78B5E1EA290D800E18AAA /* ViewController.swift in Sources */ = {isa = PBXBuildFile; fileRef = 68D78B5D1EA290D800E18AAA /* ViewController.swift */; };
		68D78B611EA290D800E18AAA /* Main.storyboard in Resources */ = {isa = PBXBuildFile; fileRef = 68D78B5F1EA290D800E18AAA /* Main.storyboard */; };
		68D78B631EA290D800E18AAA /* Assets.xcassets in Resources */ = {isa = PBXBuildFile; fileRef = 68D78B621EA290D800E18AAA /* Assets.xcassets */; };
		68D78B661EA290D800E18AAA /* LaunchScreen.storyboard in Resources */ = {isa = PBXBuildFile; fileRef = 68D78B641EA290D800E18AAA /* LaunchScreen.storyboard */; };
		68D78B6E1EA291F000E18AAA /* SecondVC.swift in Sources */ = {isa = PBXBuildFile; fileRef = 68D78B6D1EA291F000E18AAA /* SecondVC.swift */; };
		68D78B701EA291FC00E18AAA /* ThirdVC.swift in Sources */ = {isa = PBXBuildFile; fileRef = 68D78B6F1EA291FC00E18AAA /* ThirdVC.swift */; };
/* End PBXBuildFile section */

/* Begin PBXFileReference section */
		68D78B581EA290D800E18AAA /* 3D-Quick-Qctions-Swift.app */ = {isa = PBXFileReference; explicitFileType = wrapper.application; includeInIndex = 0; path = "3D-Quick-Qctions-Swift.app"; sourceTree = BUILT_PRODUCTS_DIR; };
		68D78B5B1EA290D800E18AAA /* AppDelegate.swift */ = {isa = PBXFileReference; lastKnownFileType = sourcecode.swift; path = AppDelegate.swift; sourceTree = "<group>"; };
		68D78B5D1EA290D800E18AAA /* ViewController.swift */ = {isa = PBXFileReference; lastKnownFileType = sourcecode.swift; path = ViewController.swift; sourceTree = "<group>"; };
		68D78B601EA290D800E18AAA /* Base */ = {isa = PBXFileReference; lastKnownFileType = file.storyboard; name = Base; path = Base.lproj/Main.storyboard; sourceTree = "<group>"; };
		68D78B621EA290D800E18AAA /* Assets.xcassets */ = {isa = PBXFileReference; lastKnownFileType = folder.assetcatalog; path = Assets.xcassets; sourceTree = "<group>"; };
		68D78B651EA290D800E18AAA /* Base */ = {isa = PBXFileReference; lastKnownFileType = file.storyboard; name = Base; path = Base.lproj/LaunchScreen.storyboard; sourceTree = "<group>"; };
		68D78B671EA290D800E18AAA /* Info.plist */ = {isa = PBXFileReference; lastKnownFileType = text.plist.xml; path = Info.plist; sourceTree = "<group>"; };
		68D78B6D1EA291F000E18AAA /* SecondVC.swift */ = {isa = PBXFileReference; fileEncoding = 4; lastKnownFileType = sourcecode.swift; path = SecondVC.swift; sourceTree = "<group>"; };
		68D78B6F1EA291FC00E18AAA /* ThirdVC.swift */ = {isa = PBXFileReference; fileEncoding = 4; lastKnownFileType = sourcecode.swift; path = ThirdVC.swift; sourceTree = "<group>"; };
/* End PBXFileReference section */

/* Begin PBXFrameworksBuildPhase section */
		68D78B551EA290D800E18AAA /* Frameworks */ = {
			isa = PBXFrameworksBuildPhase;
			buildActionMask = 2147483647;
			files = (
			);
			runOnlyForDeploymentPostprocessing = 0;
		};
/* End PBXFrameworksBuildPhase section */

/* Begin PBXGroup section */
		68D78B4F1EA290D800E18AAA = {
			isa = PBXGroup;
			children = (
				68D78B5A1EA290D800E18AAA /* 3D-Quick-Qctions-Swift */,
				68D78B591EA290D800E18AAA /* Products */,
			);
			sourceTree = "<group>";
		};
		68D78B591EA290D800E18AAA /* Products */ = {
			isa = PBXGroup;
			children = (
				68D78B581EA290D800E18AAA /* 3D-Quick-Qctions-Swift.app */,
			);
			name = Products;
			sourceTree = "<group>";
		};
		68D78B5A1EA290D800E18AAA /* 3D-Quick-Qctions-Swift */ = {
			isa = PBXGroup;
			children = (
				68D78B5B1EA290D800E18AAA /* AppDelegate.swift */,
				68D78B5D1EA290D800E18AAA /* ViewController.swift */,
				68D78B6D1EA291F000E18AAA /* SecondVC.swift */,
				68D78B6F1EA291FC00E18AAA /* ThirdVC.swift */,
				68D78B5F1EA290D800E18AAA /* Main.storyboard */,
				68D78B621EA290D800E18AAA /* Assets.xcassets */,
				68D78B641EA290D800E18AAA /* LaunchScreen.storyboard */,
				68D78B671EA290D800E18AAA /* Info.plist */,
			);
			path = "3D-Quick-Qctions-Swift";
			sourceTree = "<group>";
		};
/* End PBXGroup section */

/* Begin PBXNativeTarget section */
		68D78B571EA290D800E18AAA /* 3D-Quick-Qctions-Swift */ = {
			isa = PBXNativeTarget;
			buildConfigurationList = 68D78B6A1EA290D800E18AAA /* Build configuration list for PBXNativeTarget "3D-Quick-Qctions-Swift" */;
			buildPhases = (
				68D78B541EA290D800E18AAA /* Sources */,
				68D78B551EA290D800E18AAA /* Frameworks */,
				68D78B561EA290D800E18AAA /* Resources */,
			);
			buildRules = (
			);
			dependencies = (
			);
			name = "3D-Quick-Qctions-Swift";
			productName = "3D-Quick-Qctions-Swift";
			productReference = 68D78B581EA290D800E18AAA /* 3D-Quick-Qctions-Swift.app */;
			productType = "com.apple.product-type.application";
		};
/* End PBXNativeTarget section */

/* Begin PBXProject section */
		68D78B501EA290D800E18AAA /* Project object */ = {
			isa = PBXProject;
			attributes = {
				LastSwiftUpdateCheck = 0830;
				LastUpgradeCheck = 0900;
				ORGANIZATIONNAME = CryotechEnterprise;
				TargetAttributes = {
					68D78B571EA290D800E18AAA = {
						CreatedOnToolsVersion = 8.3;
						DevelopmentTeam = D8YRJ6Q65U;
						LastSwiftMigration = 0900;
						ProvisioningStyle = Automatic;
					};
				};
			};
			buildConfigurationList = 68D78B531EA290D800E18AAA /* Build configuration list for PBXProject "3D-Quick-Qctions-Swift" */;
			compatibilityVersion = "Xcode 3.2";
			developmentRegion = English;
			hasScannedForEncodings = 0;
			knownRegions = (
				en,
				Base,
			);
			mainGroup = 68D78B4F1EA290D800E18AAA;
			productRefGroup = 68D78B591EA290D800E18AAA /* Products */;
			projectDirPath = "";
			projectRoot = "";
			targets = (
				68D78B571EA290D800E18AAA /* 3D-Quick-Qctions-Swift */,
			);
		};
/* End PBXProject section */

/* Begin PBXResourcesBuildPhase section */
		68D78B561EA290D800E18AAA /* Resources */ = {
			isa = PBXResourcesBuildPhase;
			buildActionMask = 2147483647;
			files = (
				68D78B661EA290D800E18AAA /* LaunchScreen.storyboard in Resources */,
				68D78B631EA290D800E18AAA /* Assets.xcassets in Resources */,
				68D78B611EA290D800E18AAA /* Main.storyboard in Resources */,
			);
			runOnlyForDeploymentPostprocessing = 0;
		};
/* End PBXResourcesBuildPhase section */

/* Begin PBXSourcesBuildPhase section */
		68D78B541EA290D800E18AAA /* Sources */ = {
			isa = PBXSourcesBuildPhase;
			buildActionMask = 2147483647;
			files = (
				68D78B701EA291FC00E18AAA /* ThirdVC.swift in Sources */,
				68D78B5E1EA290D800E18AAA /* ViewController.swift in Sources */,
				68D78B6E1EA291F000E18AAA /* SecondVC.swift in Sources */,
				68D78B5C1EA290D800E18AAA /* AppDelegate.swift in Sources */,
			);
			runOnlyForDeploymentPostprocessing = 0;
		};
/* End PBXSourcesBuildPhase section */

/* Begin PBXVariantGroup section */
		68D78B5F1EA290D800E18AAA /* Main.storyboard */ = {
			isa = PBXVariantGroup;
			children = (
				68D78B601EA290D800E18AAA /* Base */,
			);
			name = Main.storyboard;
			sourceTree = "<group>";
		};
		68D78B641EA290D800E18AAA /* LaunchScreen.storyboard */ = {
			isa = PBXVariantGroup;
			children = (
				68D78B651EA290D800E18AAA /* Base */,
			);
			name = LaunchScreen.storyboard;
			sourceTree = "<group>";
		};
/* End PBXVariantGroup section */

/* Begin XCBuildConfiguration section */
		68D78B681EA290D800E18AAA /* Debug */ = {
			isa = XCBuildConfiguration;
			buildSettings = {
				ALWAYS_SEARCH_USER_PATHS = NO;
				CLANG_ANALYZER_NONNULL = YES;
				CLANG_ANALYZER_NUMBER_OBJECT_CONVERSION = YES_AGGRESSIVE;
				CLANG_CXX_LANGUAGE_STANDARD = "gnu++0x";
				CLANG_CXX_LIBRARY = "libc++";
				CLANG_ENABLE_MODULES = YES;
				CLANG_ENABLE_OBJC_ARC = YES;
				CLANG_WARN_BLOCK_CAPTURE_AUTORELEASING = YES;
				CLANG_WARN_BOOL_CONVERSION = YES;
				CLANG_WARN_COMMA = YES;
				CLANG_WARN_CONSTANT_CONVERSION = YES;
				CLANG_WARN_DIRECT_OBJC_ISA_USAGE = YES_ERROR;
				CLANG_WARN_DOCUMENTATION_COMMENTS = YES;
				CLANG_WARN_EMPTY_BODY = YES;
				CLANG_WARN_ENUM_CONVERSION = YES;
				CLANG_WARN_INFINITE_RECURSION = YES;
				CLANG_WARN_INT_CONVERSION = YES;
				CLANG_WARN_NON_LITERAL_NULL_CONVERSION = YES;
				CLANG_WARN_OBJC_LITERAL_CONVERSION = YES;
				CLANG_WARN_OBJC_ROOT_CLASS = YES_ERROR;
				CLANG_WARN_RANGE_LOOP_ANALYSIS = YES;
				CLANG_WARN_STRICT_PROTOTYPES = YES;
				CLANG_WARN_SUSPICIOUS_MOVE = YES;
				CLANG_WARN_UNREACHABLE_CODE = YES;
				CLANG_WARN__DUPLICATE_METHOD_MATCH = YES;
				"CODE_SIGN_IDENTITY[sdk=iphoneos*]" = "iPhone Developer";
				COPY_PHASE_STRIP = NO;
				DEBUG_INFORMATION_FORMAT = dwarf;
				ENABLE_STRICT_OBJC_MSGSEND = YES;
				ENABLE_TESTABILITY = YES;
				GCC_C_LANGUAGE_STANDARD = gnu99;
				GCC_DYNAMIC_NO_PIC = NO;
				GCC_NO_COMMON_BLOCKS = YES;
				GCC_OPTIMIZATION_LEVEL = 0;
				GCC_PREPROCESSOR_DEFINITIONS = (
					"DEBUG=1",
					"$(inherited)",
				);
				GCC_WARN_64_TO_32_BIT_CONVERSION = YES;
				GCC_WARN_ABOUT_RETURN_TYPE = YES_ERROR;
				GCC_WARN_UNDECLARED_SELECTOR = YES;
				GCC_WARN_UNINITIALIZED_AUTOS = YES_AGGRESSIVE;
				GCC_WARN_UNUSED_FUNCTION = YES;
				GCC_WARN_UNUSED_VARIABLE = YES;
				IPHONEOS_DEPLOYMENT_TARGET = 11.0;
				MTL_ENABLE_DEBUG_INFO = YES;
				ONLY_ACTIVE_ARCH = YES;
				SDKROOT = iphoneos;
				SWIFT_ACTIVE_COMPILATION_CONDITIONS = DEBUG;
				SWIFT_OPTIMIZATION_LEVEL = "-Onone";
				SWIFT_SWIFT3_OBJC_INFERENCE = Default;
				SWIFT_VERSION = "";
				TARGETED_DEVICE_FAMILY = "1,2";
			};
			name = Debug;
		};
		68D78B691EA290D800E18AAA /* Release */ = {
			isa = XCBuildConfiguration;
			buildSettings = {
				ALWAYS_SEARCH_USER_PATHS = NO;
				CLANG_ANALYZER_NONNULL = YES;
				CLANG_ANALYZER_NUMBER_OBJECT_CONVERSION = YES_AGGRESSIVE;
				CLANG_CXX_LANGUAGE_STANDARD = "gnu++0x";
				CLANG_CXX_LIBRARY = "libc++";
				CLANG_ENABLE_MODULES = YES;
				CLANG_ENABLE_OBJC_ARC = YES;
				CLANG_WARN_BLOCK_CAPTURE_AUTORELEASING = YES;
				CLANG_WARN_BOOL_CONVERSION = YES;
				CLANG_WARN_COMMA = YES;
				CLANG_WARN_CONSTANT_CONVERSION = YES;
				CLANG_WARN_DIRECT_OBJC_ISA_USAGE = YES_ERROR;
				CLANG_WARN_DOCUMENTATION_COMMENTS = YES;
				CLANG_WARN_EMPTY_BODY = YES;
				CLANG_WARN_ENUM_CONVERSION = YES;
				CLANG_WARN_INFINITE_RECURSION = YES;
				CLANG_WARN_INT_CONVERSION = YES;
				CLANG_WARN_NON_LITERAL_NULL_CONVERSION = YES;
				CLANG_WARN_OBJC_LITERAL_CONVERSION = YES;
				CLANG_WARN_OBJC_ROOT_CLASS = YES_ERROR;
				CLANG_WARN_RANGE_LOOP_ANALYSIS = YES;
				CLANG_WARN_STRICT_PROTOTYPES = YES;
				CLANG_WARN_SUSPICIOUS_MOVE = YES;
				CLANG_WARN_UNREACHABLE_CODE = YES;
				CLANG_WARN__DUPLICATE_METHOD_MATCH = YES;
				"CODE_SIGN_IDENTITY[sdk=iphoneos*]" = "iPhone Developer";
				COPY_PHASE_STRIP = NO;
				DEBUG_INFORMATION_FORMAT = "dwarf-with-dsym";
				ENABLE_NS_ASSERTIONS = NO;
				ENABLE_STRICT_OBJC_MSGSEND = YES;
				GCC_C_LANGUAGE_STANDARD = gnu99;
				GCC_NO_COMMON_BLOCKS = YES;
				GCC_WARN_64_TO_32_BIT_CONVERSION = YES;
				GCC_WARN_ABOUT_RETURN_TYPE = YES_ERROR;
				GCC_WARN_UNDECLARED_SELECTOR = YES;
				GCC_WARN_UNINITIALIZED_AUTOS = YES_AGGRESSIVE;
				GCC_WARN_UNUSED_FUNCTION = YES;
				GCC_WARN_UNUSED_VARIABLE = YES;
				IPHONEOS_DEPLOYMENT_TARGET = 11.0;
				MTL_ENABLE_DEBUG_INFO = NO;
				SDKROOT = iphoneos;
				SWIFT_OPTIMIZATION_LEVEL = "-Owholemodule";
				SWIFT_SWIFT3_OBJC_INFERENCE = Default;
				SWIFT_VERSION = "";
				TARGETED_DEVICE_FAMILY = "1,2";
				VALIDATE_PRODUCT = YES;
			};
			name = Release;
		};
		68D78B6B1EA290D800E18AAA /* Debug */ = {
			isa = XCBuildConfiguration;
			buildSettings = {
				ASSETCATALOG_COMPILER_APPICON_NAME = AppIcon;
				DEVELOPMENT_TEAM = D8YRJ6Q65U;
				INFOPLIST_FILE = "3D-Quick-Qctions-Swift/Info.plist";
				LD_RUNPATH_SEARCH_PATHS = "$(inherited) @executable_path/Frameworks";
				PRODUCT_BUNDLE_IDENTIFIER = "CryotechEnterprise.-D-Quick-Qctions-Swift";
				PRODUCT_NAME = "$(TARGET_NAME)";
				SWIFT_SWIFT3_OBJC_INFERENCE = On;
				SWIFT_VERSION = 4.0;
			};
			name = Debug;
		};
		68D78B6C1EA290D800E18AAA /* Release */ = {
			isa = XCBuildConfiguration;
			buildSettings = {
				ASSETCATALOG_COMPILER_APPICON_NAME = AppIcon;
				DEVELOPMENT_TEAM = D8YRJ6Q65U;
				INFOPLIST_FILE = "3D-Quick-Qctions-Swift/Info.plist";
				LD_RUNPATH_SEARCH_PATHS = "$(inherited) @executable_path/Frameworks";
				PRODUCT_BUNDLE_IDENTIFIER = "CryotechEnterprise.-D-Quick-Qctions-Swift";
				PRODUCT_NAME = "$(TARGET_NAME)";
				SWIFT_SWIFT3_OBJC_INFERENCE = On;
				SWIFT_VERSION = 4.0;
			};
			name = Release;
		};
/* End XCBuildConfiguration section */

/* Begin XCConfigurationList section */
		68D78B531EA290D800E18AAA /* Build configuration list for PBXProject "3D-Quick-Qctions-Swift" */ = {
			isa = XCConfigurationList;
			buildConfigurations = (
				68D78B681EA290D800E18AAA /* Debug */,
				68D78B691EA290D800E18AAA /* Release */,
			);
			defaultConfigurationIsVisible = 0;
			defaultConfigurationName = Release;
		};
		68D78B6A1EA290D800E18AAA /* Build configuration list for PBXNativeTarget "3D-Quick-Qctions-Swift" */ = {
			isa = XCConfigurationList;
			buildConfigurations = (
				68D78B6B1EA290D800E18AAA /* Debug */,
				68D78B6C1EA290D800E18AAA /* Release */,
			);
			defaultConfigurationIsVisible = 0;
			defaultConfigurationName = Release;
		};
/* End XCConfigurationList section */
	};
	rootObject = 68D78B501EA290D800E18AAA /* Project object */;
}
